
Microsoft Visual Studio Solution File, Format Version 12.00
# Visual Studio 15
VisualStudioVersion = 15.0.27428.2002
MinimumVisualStudioVersion = 10.0.40219.1
Project("{FAE04EC0-301F-11D3-BF4B-00C04F79EFBC}") = "Practica 4", "Practica 4\Practica 4.csproj", "{64CD5C22-478B-447A-8636-74A7B8353093}"
EndProject
Global
	GlobalSection(SolutionConfigurationPlatforms) = preSolution
		Debug|Any CPU = Debug|Any CPU
		Release|Any CPU = Release|Any CPU
	EndGlobalSection
	GlobalSection(ProjectConfigurationPlatforms) = postSolution
		{64CD5C22-478B-447A-8636-74A7B8353093}.Debug|Any CPU.ActiveCfg = Debug|Any CPU
		{64CD5C22-478B-447A-8636-74A7B8353093}.Debug|Any CPU.Build.0 = Debug|Any CPU
		{64CD5C22-478B-447A-8636-74A7B8353093}.Release|Any CPU.ActiveCfg = Release|Any CPU
		{64CD5C22-478B-447A-8636-74A7B8353093}.Release|Any CPU.Build.0 = Release|Any CPU
	EndGlobalSection
	GlobalSection(SolutionProperties) = preSolution
		HideSolutionNode = FALSE
	EndGlobalSection
	GlobalSection(ExtensibilityGlobals) = postSolution
		SolutionGuid = {9120B9D2-BC02-4CA5-93EA-32EACE9D1991}
	EndGlobalSection
EndGlobal
